<?xml version="1.0" encoding="utf-8"?>
<Project ToolsVersion="4.0" xmlns="http://schemas.microsoft.com/developer/msbuild/2003">
  <ItemGroup>
    <Filter Include="源文件">
      <UniqueIdentifier>{4FC737F1-C7A5-4376-A066-2A32D752A2FF}</UniqueIdentifier>
      <Extensions>cpp;c;cc;cxx;def;odl;idl;hpj;bat;asm;asmx</Extensions>
    </Filter>
    <Filter Include="头文件">
      <UniqueIdentifier>{93995380-89BD-4b04-88EB-625FBE52EBFB}</UniqueIdentifier>
      <Extensions>h;hpp;hxx;hm;inl;inc;xsd</Extensions>
    </Filter>
    <Filter Include="资源文件">
      <UniqueIdentifier>{67DA6AB6-F800-4c08-8B7A-83BB121AAD01}</UniqueIdentifier>
      <Extensions>rc;ico;cur;bmp;dlg;rc2;rct;bin;rgs;gif;jpg;jpeg;jpe;resx;tiff;tif;png;wav;mfcribbon-ms</Extensions>
    </Filter>
  </ItemGroup>
  <ItemGroup>
    <ClCompile Include="StringContains.cpp">
      <Filter>源文件</Filter>
    </ClCompile>
    <ClCompile Include="Str2Int.cpp">
      <Filter>源文件</Filter>
    </ClCompile>
    <ClCompile Include="IsPalindrome_str.cpp">
      <Filter>源文件</Filter>
    </ClCompile>
    <ClCompile Include="IsPalindrome_list.cpp">
      <Filter>源文件</Filter>
    </ClCompile>
    <ClCompile Include="Permutation.cpp">
      <Filter>源文件</Filter>
    </ClCompile>
    <ClCompile Include="FirstAppearChar.cpp">
      <Filter>源文件</Filter>
    </ClCompile>
    <ClCompile Include="DeleteNode_O1.cpp">
      <Filter>源文件</Filter>
    </ClCompile>
    <ClCompile Include="FirstCommonNode.cpp">
      <Filter>源文件</Filter>
    </ClCompile>
    <ClCompile Include="DeleteChars.cpp">
      <Filter>源文件</Filter>
    </ClCompile>
    <ClCompile Include="CountChars.cpp">
      <Filter>源文件</Filter>
    </ClCompile>
    <ClCompile Include="GetLeastKNumbers.cpp">
      <Filter>源文件</Filter>
    </ClCompile>
    <ClCompile Include="MergeSortedArr.cpp">
      <Filter>源文件</Filter>
    </ClCompile>
    <ClCompile Include="MergeSortedList.cpp">
      <Filter>源文件</Filter>
    </ClCompile>
    <ClCompile Include="GetLastKNode.cpp">
      <Filter>源文件</Filter>
    </ClCompile>
    <ClCompile Include="TwoStackQueue.cpp">
      <Filter>源文件</Filter>
    </ClCompile>
    <ClCompile Include="BinarySearch.cpp">
      <Filter>源文件</Filter>
    </ClCompile>
    <ClCompile Include="Test.cpp">
      <Filter>源文件</Filter>
    </ClCompile>
    <ClCompile Include="FindNumberWithSum.cpp">
      <Filter>源文件</Filter>
    </ClCompile>
    <ClCompile Include="FindNumberWithSum_Pro.cpp">
      <Filter>源文件</Filter>
    </ClCompile>
    <ClCompile Include="SUM3.cpp">
      <Filter>源文件</Filter>
    </ClCompile>
    <ClCompile Include="FindGreatestSubArr.cpp">
      <Filter>源文件</Filter>
    </ClCompile>
    <ClCompile Include="ClimbStairs.cpp">
      <Filter>源文件</Filter>
    </ClCompile>
    <ClCompile Include="OddEven.cpp">
      <Filter>源文件</Filter>
    </ClCompile>
    <ClCompile Include="DutchFlags.cpp">
      <Filter>源文件</Filter>
    </ClCompile>
    <ClCompile Include="DuplicatedNumber.cpp">
      <Filter>源文件</Filter>
    </ClCompile>
    <ClCompile Include="FindNumberAppearOnce.cpp">
      <Filter>源文件</Filter>
    </ClCompile>
    <ClCompile Include="BigNumMulti.cpp">
      <Filter>源文件</Filter>
    </ClCompile>
    <ClCompile Include="MergeSort.cpp">
      <Filter>源文件</Filter>
    </ClCompile>
    <ClCompile Include="InversePairs.cpp">
      <Filter>源文件</Filter>
    </ClCompile>
    <ClCompile Include="Heap.cpp">
      <Filter>源文件</Filter>
    </ClCompile>
    <ClCompile Include="maxHeapSort_me.cpp">
      <Filter>源文件</Filter>
    </ClCompile>
    <ClCompile Include="maxHeapSort_copy.cpp">
      <Filter>源文件</Filter>
    </ClCompile>
    <ClCompile Include="Top_K.cpp">
      <Filter>源文件</Filter>
    </ClCompile>
    <ClCompile Include="RoateMatrix.cpp">
      <Filter>源文件</Filter>
    </ClCompile>
    <ClCompile Include="LongestDescend.cpp">
      <Filter>源文件</Filter>
    </ClCompile>
    <ClCompile Include="CountSort.cpp">
      <Filter>源文件</Filter>
    </ClCompile>
    <ClCompile Include="Tree_BinarySearch.cpp">
      <Filter>源文件</Filter>
    </ClCompile>
    <ClCompile Include="NumbersAppearHalf.cpp">
      <Filter>源文件</Filter>
    </ClCompile>
    <ClCompile Include="BitMap.cpp">
      <Filter>源文件</Filter>
    </ClCompile>
    <ClCompile Include="Random.cpp">
      <Filter>源文件</Filter>
    </ClCompile>
    <ClCompile Include="knapsack.cpp">
      <Filter>源文件</Filter>
    </ClCompile>
    <ClCompile Include="QuickSort.cpp">
      <Filter>源文件</Filter>
    </ClCompile>
    <ClCompile Include="DP_matrix.cpp">
      <Filter>源文件</Filter>
    </ClCompile>
    <ClCompile Include="DP_01pack.cpp">
      <Filter>源文件</Filter>
    </ClCompile>
    <ClCompile Include="DP_completePack.cpp">
      <Filter>源文件</Filter>
    </ClCompile>
    <ClCompile Include="Graph.cpp">
      <Filter>源文件</Filter>
    </ClCompile>
    <ClCompile Include="Graph_Dijkstra.cpp">
      <Filter>源文件</Filter>
    </ClCompile>
    <ClCompile Include="test.c">
      <Filter>源文件</Filter>
    </ClCompile>
    <ClCompile Include="insert_sort.cpp">
      <Filter>源文件</Filter>
    </ClCompile>
    <ClCompile Include="FindFirstNotDupChar_charStreaming.cpp">
      <Filter>源文件</Filter>
    </ClCompile>
  </ItemGroup>
</Project>